<?xml version="1.0" encoding="utf-8"?>
<Project ToolsVersion="4.0" xmlns="http://schemas.microsoft.com/developer/msbuild/2003">
  <ItemGroup>
    <Filter Include="Source Files">
      <UniqueIdentifier>{4FC737F1-C7A5-4376-A066-2A32D752A2FF}</UniqueIdentifier>
      <Extensions>cpp;c;cc;cxx;c++;def;odl;idl;hpj;bat;asm;asmx</Extensions>
    </Filter>
    <Filter Include="Header Files">
      <UniqueIdentifier>{93995380-89BD-4b04-88EB-625FBE52EBFB}</UniqueIdentifier>
      <Extensions>h;hh;hpp;hxx;h++;hm;inl;inc;ipp;xsd</Extensions>
    </Filter>
    <Filter Include="Header Files\SimpleFileHandler">
      <UniqueIdentifier>{f1e88b8f-de74-4d10-b149-f70dc0ceb434}</UniqueIdentifier>
    </Filter>
    <Filter Include="Source Files\SimpleFileHandler">
      <UniqueIdentifier>{bc280938-f541-48b9-b491-44948ccc1f5c}</UniqueIdentifier>
    </Filter>
    <Filter Include="Header Files\UniversalString">
      <UniqueIdentifier>{c5e31bb3-cdd8-4fc3-b885-57e86909039f}</UniqueIdentifier>
    </Filter>
    <Filter Include="Source Files\UniversalString">
      <UniqueIdentifier>{cb8847ee-1b4a-486b-ba9e-02cbba78582c}</UniqueIdentifier>
    </Filter>
    <Filter Include="Resource Files">
      <UniqueIdentifier>{67DA6AB6-F800-4c08-8B7A-83BB121AAD01}</UniqueIdentifier>
      <Extensions>rc;ico;cur;bmp;dlg;rc2;rct;bin;rgs;gif;jpg;jpeg;jpe;resx;tiff;tif;png;wav;mfcribbon-ms</Extensions>
    </Filter>
  </ItemGroup>
  <ItemGroup>
    <ClCompile Include="sfh_write_file.cpp">
      <Filter>Source Files\SimpleFileHandler</Filter>
    </ClCompile>
    <ClCompile Include="sfh_def.cpp">
      <Filter>Source Files\SimpleFileHandler</Filter>
    </ClCompile>
    <ClCompile Include="sfh_file.cpp">
      <Filter>Source Files\SimpleFileHandler</Filter>
    </ClCompile>
    <ClCompile Include="sfh_file_misc.cpp">
      <Filter>Source Files\SimpleFileHandler</Filter>
    </ClCompile>
    <ClCompile Include="sfh_read_file.cpp">
      <Filter>Source Files\SimpleFileHandler</Filter>
    </ClCompile>
    <ClCompile Include="us_string.cpp">
      <Filter>Source Files\UniversalString</Filter>
    </ClCompile>
    <ClCompile Include="main.cpp">
      <Filter>Source Files</Filter>
    </ClCompile>
  </ItemGroup>
  <ItemGroup>
    <ClInclude Include="simple_file_handler.h">
      <Filter>Header Files\SimpleFileHandler</Filter>
    </ClInclude>
    <ClInclude Include="sfh_file.h">
      <Filter>Header Files\SimpleFileHandler</Filter>
    </ClInclude>
    <ClInclude Include="sfh_file_misc.h">
      <Filter>Header Files\SimpleFileHandler</Filter>
    </ClInclude>
    <ClInclude Include="sfh_read_file.h">
      <Filter>Header Files\SimpleFileHandler</Filter>
    </ClInclude>
    <ClInclude Include="sfh_write_file.h">
      <Filter>Header Files\SimpleFileHandler</Filter>
    </ClInclude>
    <ClInclude Include="sfh_def.h">
      <Filter>Header Files\SimpleFileHandler</Filter>
    </ClInclude>
    <ClInclude Include="us_def.h">
      <Filter>Header Files\UniversalString</Filter>
    </ClInclude>
    <ClInclude Include="jm_def.h">
      <Filter>Header Files</Filter>
    </ClInclude>
    <ClInclude Include="us_operator_overloads.h">
      <Filter>Header Files\UniversalString</Filter>
    </ClInclude>
    <ClInclude Include="universal_string.h">
      <Filter>Header Files\UniversalString</Filter>
    </ClInclude>
    <ClInclude Include="us_string.h">
      <Filter>Header Files\UniversalString</Filter>
    </ClInclude>
  </ItemGroup>
</Project>