<?xml version="1.0" encoding="utf-8"?>
<Project ToolsVersion="4.0" xmlns="http://schemas.microsoft.com/developer/msbuild/2003">
  <ItemGroup>
    <Filter Include="Source Files">
      <UniqueIdentifier>{4FC737F1-C7A5-4376-A066-2A32D752A2FF}</UniqueIdentifier>
      <Extensions>cpp;c;cc;cxx;c++;def;odl;idl;hpj;bat;asm;asmx</Extensions>
    </Filter>
    <Filter Include="Header Files">
      <UniqueIdentifier>{93995380-89BD-4b04-88EB-625FBE52EBFB}</UniqueIdentifier>
      <Extensions>h;hh;hpp;hxx;h++;hm;inl;inc;ipp;xsd</Extensions>
    </Filter>
    <Filter Include="Resource Files">
      <UniqueIdentifier>{67DA6AB6-F800-4c08-8B7A-83BB121AAD01}</UniqueIdentifier>
      <Extensions>rc;ico;cur;bmp;dlg;rc2;rct;bin;rgs;gif;jpg;jpeg;jpe;resx;tiff;tif;png;wav;mfcribbon-ms</Extensions>
    </Filter>
    <Filter Include="Header Files\Core">
      <UniqueIdentifier>{be284622-b6c2-4511-bb76-6378706b34df}</UniqueIdentifier>
    </Filter>
    <Filter Include="Header Files\Format">
      <UniqueIdentifier>{ca30090e-6836-4e65-b3e0-084840e2f070}</UniqueIdentifier>
    </Filter>
    <Filter Include="Header Files\Other">
      <UniqueIdentifier>{618f1ad0-a8cb-4235-9cca-c436d857cbc9}</UniqueIdentifier>
    </Filter>
    <Filter Include="Source Files\Other">
      <UniqueIdentifier>{3a0cd55c-c200-4133-9da0-9d1efbcbfcdc}</UniqueIdentifier>
    </Filter>
    <Filter Include="Source Files\Format">
      <UniqueIdentifier>{c4c35b82-4e11-4093-875c-fbc85788e4f0}</UniqueIdentifier>
    </Filter>
    <Filter Include="Header Files\Sound">
      <UniqueIdentifier>{28b6b0b1-f03f-4837-89ad-a86d9f57915e}</UniqueIdentifier>
    </Filter>
    <Filter Include="Source Files\Sound">
      <UniqueIdentifier>{7d5bcbee-5838-4e70-a7db-54dc20fc590b}</UniqueIdentifier>
    </Filter>
    <Filter Include="Header Files\Extern">
      <UniqueIdentifier>{f134f1ff-2c5c-4ce3-9bcc-8b3882c1836c}</UniqueIdentifier>
    </Filter>
  </ItemGroup>
  <ItemGroup>
    <ClInclude Include="sla_enums.h">
      <Filter>Header Files\Core</Filter>
    </ClInclude>
    <ClInclude Include="sla_core.h">
      <Filter>Header Files\Core</Filter>
    </ClInclude>
    <ClInclude Include="sla_def.h">
      <Filter>Header Files\Core</Filter>
    </ClInclude>
    <ClInclude Include="sla_sound_lib.h">
      <Filter>Header Files</Filter>
    </ClInclude>
    <ClInclude Include="sla_format_wav.h">
      <Filter>Header Files\Format</Filter>
    </ClInclude>
    <ClInclude Include="sla_other.h">
      <Filter>Header Files\Other</Filter>
    </ClInclude>
    <ClInclude Include="sla_task.h">
      <Filter>Header Files\Other</Filter>
    </ClInclude>
    <ClInclude Include="sla_format.h">
      <Filter>Header Files\Format</Filter>
    </ClInclude>
    <ClInclude Include="sla_sound.h">
      <Filter>Header Files\Sound</Filter>
    </ClInclude>
    <ClInclude Include="sla_sound_type.h">
      <Filter>Header Files\Sound</Filter>
    </ClInclude>
    <ClInclude Include="sla_extern_basic_if_stream.h">
      <Filter>Header Files\Extern</Filter>
    </ClInclude>
    <ClInclude Include="sla_sound_data.h">
      <Filter>Header Files\Sound</Filter>
    </ClInclude>
    <ClInclude Include="sla_format_sound.h">
      <Filter>Header Files\Format</Filter>
    </ClInclude>
    <ClInclude Include="sla_format_sound.macros.h">
      <Filter>Header Files\Format</Filter>
    </ClInclude>
  </ItemGroup>
  <ItemGroup>
    <ClCompile Include="main.cpp">
      <Filter>Source Files</Filter>
    </ClCompile>
    <ClCompile Include="sla_task.cpp">
      <Filter>Source Files\Other</Filter>
    </ClCompile>
    <ClCompile Include="sla_format_wav.cpp">
      <Filter>Source Files\Format</Filter>
    </ClCompile>
    <ClCompile Include="sla_format_sound.cpp">
      <Filter>Source Files\Format</Filter>
    </ClCompile>
    <ClCompile Include="sla_sound_data.cpp">
      <Filter>Source Files\Sound</Filter>
    </ClCompile>
    <ClCompile Include="sla_sound_type.cpp">
      <Filter>Source Files\Sound</Filter>
    </ClCompile>
  </ItemGroup>
</Project>