<?xml version="1.0" encoding="utf-8"?>
<Project ToolsVersion="4.0" xmlns="http://schemas.microsoft.com/developer/msbuild/2003">
  <ItemGroup>
    <Filter Include="SoundLib">
      <UniqueIdentifier>{5850bcfc-963e-49b2-8fab-192829a10e51}</UniqueIdentifier>
    </Filter>
    <Filter Include="SoundLib\Format">
      <UniqueIdentifier>{5145f9d2-238d-4fa0-b224-4c388ffdce42}</UniqueIdentifier>
    </Filter>
    <Filter Include="SoundLib\Sound">
      <UniqueIdentifier>{bad9761a-8b7f-4750-8a29-b8d5e9d34176}</UniqueIdentifier>
    </Filter>
    <Filter Include="SoundLib\Core">
      <UniqueIdentifier>{6c22b18d-f768-4976-88ac-53fe3686e108}</UniqueIdentifier>
    </Filter>
    <Filter Include="SoundLib\MMSystem">
      <UniqueIdentifier>{bbf484be-0e52-44f2-b6d5-49af28155f9d}</UniqueIdentifier>
    </Filter>
    <Filter Include="SoundLib\DirectSound">
      <UniqueIdentifier>{288d9c1f-6aaf-4d75-ba76-430209f9dde3}</UniqueIdentifier>
    </Filter>
    <Filter Include="SoundLib\Extern">
      <UniqueIdentifier>{f66264df-2243-4816-afad-6cdef509d5e9}</UniqueIdentifier>
    </Filter>
    <Filter Include="Decoders">
      <UniqueIdentifier>{b0a0096e-b461-4bb9-b7e6-6c22943406f1}</UniqueIdentifier>
    </Filter>
    <Filter Include="Decoders\%28.Flac%29 Dr Flac">
      <UniqueIdentifier>{d5c15132-33e6-4d0a-988a-6058905ad8aa}</UniqueIdentifier>
    </Filter>
  </ItemGroup>
  <ItemGroup>
    <ClInclude Include="sl_e_wave_header.h">
      <Filter>SoundLib\Extern</Filter>
    </ClInclude>
    <ClInclude Include="sl_e_wave_format.h">
      <Filter>SoundLib\Extern</Filter>
    </ClInclude>
    <ClInclude Include="sl_e_wave_out.h">
      <Filter>SoundLib\Extern</Filter>
    </ClInclude>
    <ClInclude Include="sl_e_thread.h">
      <Filter>SoundLib\Extern</Filter>
    </ClInclude>
    <ClInclude Include="dr_flac.hpp">
      <Filter>Decoders\%28.Flac%29 Dr Flac</Filter>
    </ClInclude>
    <ClInclude Include="sl_sound_quality.h">
      <Filter>SoundLib\Sound</Filter>
    </ClInclude>
    <ClInclude Include="sl_sound_data.h">
      <Filter>SoundLib\Sound</Filter>
    </ClInclude>
    <ClInclude Include="sl_sound_device.h">
      <Filter>SoundLib\Sound</Filter>
    </ClInclude>
    <ClInclude Include="sl_sound_devices.h">
      <Filter>SoundLib\Sound</Filter>
    </ClInclude>
    <ClInclude Include="sl_sound_mixer.h">
      <Filter>SoundLib\Sound</Filter>
    </ClInclude>
    <ClInclude Include="sl_format_wave.h">
      <Filter>SoundLib\Format</Filter>
    </ClInclude>
    <ClInclude Include="sl_format.h">
      <Filter>SoundLib\Format</Filter>
    </ClInclude>
    <ClInclude Include="sl_format_any.h">
      <Filter>SoundLib\Format</Filter>
    </ClInclude>
    <ClInclude Include="sl_format_flac.h">
      <Filter>SoundLib\Format</Filter>
    </ClInclude>
    <ClInclude Include="sl_format_raw.h">
      <Filter>SoundLib\Format</Filter>
    </ClInclude>
    <ClInclude Include="sound_lib.h">
      <Filter>SoundLib</Filter>
    </ClInclude>
    <ClInclude Include="sl_misc.h">
      <Filter>SoundLib\Core</Filter>
    </ClInclude>
    <ClInclude Include="sl_def.h">
      <Filter>SoundLib\Core</Filter>
    </ClInclude>
    <ClInclude Include="sl_ds_sound_player.h">
      <Filter>SoundLib\DirectSound</Filter>
    </ClInclude>
    <ClInclude Include="sl_mms_sound_player.h">
      <Filter>SoundLib\MMSystem</Filter>
    </ClInclude>
  </ItemGroup>
  <ItemGroup>
    <ClCompile Include="sl_sound_quality.cpp">
      <Filter>SoundLib\Sound</Filter>
    </ClCompile>
    <ClCompile Include="sl_sound_data.cpp">
      <Filter>SoundLib\Sound</Filter>
    </ClCompile>
    <ClCompile Include="sl_sound_device.cpp">
      <Filter>SoundLib\Sound</Filter>
    </ClCompile>
    <ClCompile Include="sl_sound_devices.cpp">
      <Filter>SoundLib\Sound</Filter>
    </ClCompile>
    <ClCompile Include="sl_sound_mixer.cpp">
      <Filter>SoundLib\Sound</Filter>
    </ClCompile>
    <ClCompile Include="sl_misc.cpp">
      <Filter>SoundLib\Core</Filter>
    </ClCompile>
    <ClCompile Include="sl_format_wave.cpp">
      <Filter>SoundLib\Format</Filter>
    </ClCompile>
    <ClCompile Include="sl_format.cpp">
      <Filter>SoundLib\Format</Filter>
    </ClCompile>
    <ClCompile Include="sl_format_any.cpp">
      <Filter>SoundLib\Format</Filter>
    </ClCompile>
    <ClCompile Include="sl_format_flac.cpp">
      <Filter>SoundLib\Format</Filter>
    </ClCompile>
    <ClCompile Include="sl_format_raw.cpp">
      <Filter>SoundLib\Format</Filter>
    </ClCompile>
    <ClCompile Include="sl_def.cpp">
      <Filter>SoundLib\Core</Filter>
    </ClCompile>
    <ClCompile Include="sl_ds_sound_player.cpp">
      <Filter>SoundLib\DirectSound</Filter>
    </ClCompile>
    <ClCompile Include="sl_mms_sound_player.cpp">
      <Filter>SoundLib\MMSystem</Filter>
    </ClCompile>
  </ItemGroup>
</Project>