<?xml version="1.0" encoding="utf-8"?>
<Project ToolsVersion="4.0" xmlns="http://schemas.microsoft.com/developer/msbuild/2003">
  <ItemGroup>
    <Filter Include="Source Files">
      <UniqueIdentifier>{4FC737F1-C7A5-4376-A066-2A32D752A2FF}</UniqueIdentifier>
      <Extensions>cpp;c;cc;cxx;c++;def;odl;idl;hpj;bat;asm;asmx</Extensions>
    </Filter>
    <Filter Include="Header Files">
      <UniqueIdentifier>{93995380-89BD-4b04-88EB-625FBE52EBFB}</UniqueIdentifier>
      <Extensions>h;hh;hpp;hxx;h++;hm;inl;inc;ipp;xsd</Extensions>
    </Filter>
    <Filter Include="Header Files\Extern">
      <UniqueIdentifier>{f66264df-2243-4816-afad-6cdef509d5e9}</UniqueIdentifier>
    </Filter>
    <Filter Include="Header Files\Format Decoders">
      <UniqueIdentifier>{a956c306-17d5-445e-8254-e05d5345af22}</UniqueIdentifier>
    </Filter>
    <Filter Include="Header Files\Format Decoders\Dr Flac">
      <UniqueIdentifier>{d5c15132-33e6-4d0a-988a-6058905ad8aa}</UniqueIdentifier>
    </Filter>
    <Filter Include="Header Files\Resource Files">
      <UniqueIdentifier>{67DA6AB6-F800-4c08-8B7A-83BB121AAD01}</UniqueIdentifier>
      <Extensions>rc;ico;cur;bmp;dlg;rc2;rct;bin;rgs;gif;jpg;jpeg;jpe;resx;tiff;tif;png;wav;mfcribbon-ms</Extensions>
    </Filter>
  </ItemGroup>
  <ItemGroup>
    <ClInclude Include="sl_format.h">
      <Filter>Header Files</Filter>
    </ClInclude>
    <ClInclude Include="sl_format_any.h">
      <Filter>Header Files</Filter>
    </ClInclude>
    <ClInclude Include="sl_format_raw.h">
      <Filter>Header Files</Filter>
    </ClInclude>
    <ClInclude Include="sl_format_wave.h">
      <Filter>Header Files</Filter>
    </ClInclude>
    <ClInclude Include="sl_misc.h">
      <Filter>Header Files</Filter>
    </ClInclude>
    <ClInclude Include="sl_sound.h">
      <Filter>Header Files</Filter>
    </ClInclude>
    <ClInclude Include="sl_sound_device.h">
      <Filter>Header Files</Filter>
    </ClInclude>
    <ClInclude Include="sl_sound_devices.h">
      <Filter>Header Files</Filter>
    </ClInclude>
    <ClInclude Include="sl_sound_mixer.h">
      <Filter>Header Files</Filter>
    </ClInclude>
    <ClInclude Include="sl_sound_player.h">
      <Filter>Header Files</Filter>
    </ClInclude>
    <ClInclude Include="sl_sound_quality.h">
      <Filter>Header Files</Filter>
    </ClInclude>
    <ClInclude Include="sl_def.h">
      <Filter>Header Files</Filter>
    </ClInclude>
    <ClInclude Include="sl_e_wave_header.h">
      <Filter>Header Files\Extern</Filter>
    </ClInclude>
    <ClInclude Include="sl_e_wave_format.h">
      <Filter>Header Files\Extern</Filter>
    </ClInclude>
    <ClInclude Include="sl_e_wave_out.h">
      <Filter>Header Files\Extern</Filter>
    </ClInclude>
    <ClInclude Include="sl_e_thread.h">
      <Filter>Header Files\Extern</Filter>
    </ClInclude>
    <ClInclude Include="sl_format_flac.h">
      <Filter>Header Files</Filter>
    </ClInclude>
    <ClInclude Include="sound_lib.h">
      <Filter>Header Files</Filter>
    </ClInclude>
    <ClInclude Include="dr_flac.hpp">
      <Filter>Header Files\Format Decoders\Dr Flac</Filter>
    </ClInclude>
  </ItemGroup>
  <ItemGroup>
    <ClCompile Include="sl_misc.cpp">
      <Filter>Source Files</Filter>
    </ClCompile>
    <ClCompile Include="sl_sound.cpp">
      <Filter>Source Files</Filter>
    </ClCompile>
    <ClCompile Include="sl_sound_device.cpp">
      <Filter>Source Files</Filter>
    </ClCompile>
    <ClCompile Include="sl_sound_devices.cpp">
      <Filter>Source Files</Filter>
    </ClCompile>
    <ClCompile Include="sl_sound_mixer.cpp">
      <Filter>Source Files</Filter>
    </ClCompile>
    <ClCompile Include="sl_sound_player.cpp">
      <Filter>Source Files</Filter>
    </ClCompile>
    <ClCompile Include="sl_sound_quality.cpp">
      <Filter>Source Files</Filter>
    </ClCompile>
    <ClCompile Include="sl_format.cpp">
      <Filter>Source Files</Filter>
    </ClCompile>
    <ClCompile Include="sl_format_any.cpp">
      <Filter>Source Files</Filter>
    </ClCompile>
    <ClCompile Include="sl_format_raw.cpp">
      <Filter>Source Files</Filter>
    </ClCompile>
    <ClCompile Include="sl_format_wave.cpp">
      <Filter>Source Files</Filter>
    </ClCompile>
    <ClCompile Include="main.cpp">
      <Filter>Source Files</Filter>
    </ClCompile>
    <ClCompile Include="sl_def.cpp">
      <Filter>Source Files</Filter>
    </ClCompile>
    <ClCompile Include="sl_format_flac.cpp">
      <Filter>Source Files</Filter>
    </ClCompile>
  </ItemGroup>
</Project>